
Microsoft Visual Studio Solution File, Format Version 12.00
# Visual Studio Version 17
VisualStudioVersion = 17.9.34714.143
MinimumVisualStudioVersion = 10.0.40219.1
Project("{FAE04EC0-301F-11D3-BF4B-00C04F79EFBC}") = "Webapi", "Webapi\Webapi.csproj", "{93F56D9D-D8E0-499C-8AA3-6A8517C61E2B}"
EndProject
Project("{E53339B2-1760-4266-BCC7-CA923CBCF16C}") = "docker-compose", "docker-compose.dcproj", "{A119372A-7A52-4B7B-BF02-70678CCF95DA}"
EndProject
Global
	GlobalSection(SolutionConfigurationPlatforms) = preSolution
		Debug|Any CPU = Debug|Any CPU
		Release|Any CPU = Release|Any CPU
	EndGlobalSection
	GlobalSection(ProjectConfigurationPlatforms) = postSolution
		{93F56D9D-D8E0-499C-8AA3-6A8517C61E2B}.Debug|Any CPU.ActiveCfg = Debug|Any CPU
		{93F56D9D-D8E0-499C-8AA3-6A8517C61E2B}.Debug|Any CPU.Build.0 = Debug|Any CPU
		{93F56D9D-D8E0-499C-8AA3-6A8517C61E2B}.Release|Any CPU.ActiveCfg = Release|Any CPU
		{93F56D9D-D8E0-499C-8AA3-6A8517C61E2B}.Release|Any CPU.Build.0 = Release|Any CPU
		{A119372A-7A52-4B7B-BF02-70678CCF95DA}.Debug|Any CPU.ActiveCfg = Debug|Any CPU
		{A119372A-7A52-4B7B-BF02-70678CCF95DA}.Debug|Any CPU.Build.0 = Debug|Any CPU
		{A119372A-7A52-4B7B-BF02-70678CCF95DA}.Release|Any CPU.ActiveCfg = Release|Any CPU
		{A119372A-7A52-4B7B-BF02-70678CCF95DA}.Release|Any CPU.Build.0 = Release|Any CPU
	EndGlobalSection
	GlobalSection(SolutionProperties) = preSolution
		HideSolutionNode = FALSE
	EndGlobalSection
	GlobalSection(ExtensibilityGlobals) = postSolution
		SolutionGuid = {3E5CD881-B043-4D02-A71C-D8C463D66114}
	EndGlobalSection
EndGlobal
